
Microsoft Visual Studio Solution File, Format Version 12.00
# Visual Studio Version 16
VisualStudioVersion = 16.0.29318.209
MinimumVisualStudioVersion = 10.0.40219.1
Project("{FAE04EC0-301F-11D3-BF4B-00C04F79EFBC}") = "Menu", "Menu\Menu.csproj", "{56986EA2-FD32-4566-8FED-32A1FEFF3413}"
EndProject
Project("{54435603-DBB4-11D2-8724-00A0C9A8B90C}") = "Setup", "Setup\Setup.vdproj", "{FE9B4116-D3D0-4B8E-86C0-DFBE143F0EFC}"
EndProject
Global
	GlobalSection(SolutionConfigurationPlatforms) = preSolution
		Debug|Any CPU = Debug|Any CPU
		Release|Any CPU = Release|Any CPU
	EndGlobalSection
	GlobalSection(ProjectConfigurationPlatforms) = postSolution
		{56986EA2-FD32-4566-8FED-32A1FEFF3413}.Debug|Any CPU.ActiveCfg = Debug|Any CPU
		{56986EA2-FD32-4566-8FED-32A1FEFF3413}.Debug|Any CPU.Build.0 = Debug|Any CPU
		{56986EA2-FD32-4566-8FED-32A1FEFF3413}.Release|Any CPU.ActiveCfg = Release|Any CPU
		{56986EA2-FD32-4566-8FED-32A1FEFF3413}.Release|Any CPU.Build.0 = Release|Any CPU
		{FE9B4116-D3D0-4B8E-86C0-DFBE143F0EFC}.Debug|Any CPU.ActiveCfg = Debug
		{FE9B4116-D3D0-4B8E-86C0-DFBE143F0EFC}.Release|Any CPU.ActiveCfg = Release
	EndGlobalSection
	GlobalSection(SolutionProperties) = preSolution
		HideSolutionNode = FALSE
	EndGlobalSection
	GlobalSection(ExtensibilityGlobals) = postSolution
		SolutionGuid = {A40A0BCD-8EB8-41DC-8F74-2F9A99C2558D}
	EndGlobalSection
EndGlobal
